
Microsoft Visual Studio Solution File, Format Version 11.00
# Visual Studio 2010
Project("{FAE04EC0-301F-11D3-BF4B-00C04F79EFBC}") = "Assembly-CSharp", "Assembly-CSharp.csproj", "{7C9635DD-60D3-BDDA-0401-AF4508BF87E0}"
EndProject
Project("{FAE04EC0-301F-11D3-BF4B-00C04F79EFBC}") = "AllIn1SpriteShaderAssembly", "AllIn1SpriteShaderAssembly.csproj", "{9A4144EF-637F-B541-5489-BDB73715DA08}"
EndProject
Project("{FAE04EC0-301F-11D3-BF4B-00C04F79EFBC}") = "AstarPathfindingProject", "AstarPathfindingProject.csproj", "{9BA7AC3C-38F0-C788-B466-44972D63FD67}"
EndProject
Project("{FAE04EC0-301F-11D3-BF4B-00C04F79EFBC}") = "AstarPathfindingProjectEditor", "AstarPathfindingProjectEditor.csproj", "{0F07617A-E921-168A-7F64-5CC310E6D960}"
EndProject
Project("{FAE04EC0-301F-11D3-BF4B-00C04F79EFBC}") = "PackageToolsEditor", "PackageToolsEditor.csproj", "{705D6BCE-5DB8-8445-2FA7-E2BA03F56C78}"
EndProject
Project("{FAE04EC0-301F-11D3-BF4B-00C04F79EFBC}") = "Assembly-CSharp-Editor", "Assembly-CSharp-Editor.csproj", "{F84675ED-F97B-0BD6-9222-66565B04FB2A}"
EndProject
Global
	GlobalSection(SolutionConfigurationPlatforms) = preSolution
		Debug|Any CPU = Debug|Any CPU
		Release|Any CPU = Release|Any CPU
	EndGlobalSection
	GlobalSection(ProjectConfigurationPlatforms) = postSolution
		{7C9635DD-60D3-BDDA-0401-AF4508BF87E0}.Debug|Any CPU.ActiveCfg = Debug|Any CPU
		{7C9635DD-60D3-BDDA-0401-AF4508BF87E0}.Debug|Any CPU.Build.0 = Debug|Any CPU
		{7C9635DD-60D3-BDDA-0401-AF4508BF87E0}.Release|Any CPU.ActiveCfg = Release|Any CPU
		{7C9635DD-60D3-BDDA-0401-AF4508BF87E0}.Release|Any CPU.Build.0 = Release|Any CPU
		{9A4144EF-637F-B541-5489-BDB73715DA08}.Debug|Any CPU.ActiveCfg = Debug|Any CPU
		{9A4144EF-637F-B541-5489-BDB73715DA08}.Debug|Any CPU.Build.0 = Debug|Any CPU
		{9A4144EF-637F-B541-5489-BDB73715DA08}.Release|Any CPU.ActiveCfg = Release|Any CPU
		{9A4144EF-637F-B541-5489-BDB73715DA08}.Release|Any CPU.Build.0 = Release|Any CPU
		{9BA7AC3C-38F0-C788-B466-44972D63FD67}.Debug|Any CPU.ActiveCfg = Debug|Any CPU
		{9BA7AC3C-38F0-C788-B466-44972D63FD67}.Debug|Any CPU.Build.0 = Debug|Any CPU
		{9BA7AC3C-38F0-C788-B466-44972D63FD67}.Release|Any CPU.ActiveCfg = Release|Any CPU
		{9BA7AC3C-38F0-C788-B466-44972D63FD67}.Release|Any CPU.Build.0 = Release|Any CPU
		{0F07617A-E921-168A-7F64-5CC310E6D960}.Debug|Any CPU.ActiveCfg = Debug|Any CPU
		{0F07617A-E921-168A-7F64-5CC310E6D960}.Debug|Any CPU.Build.0 = Debug|Any CPU
		{0F07617A-E921-168A-7F64-5CC310E6D960}.Release|Any CPU.ActiveCfg = Release|Any CPU
		{0F07617A-E921-168A-7F64-5CC310E6D960}.Release|Any CPU.Build.0 = Release|Any CPU
		{705D6BCE-5DB8-8445-2FA7-E2BA03F56C78}.Debug|Any CPU.ActiveCfg = Debug|Any CPU
		{705D6BCE-5DB8-8445-2FA7-E2BA03F56C78}.Debug|Any CPU.Build.0 = Debug|Any CPU
		{705D6BCE-5DB8-8445-2FA7-E2BA03F56C78}.Release|Any CPU.ActiveCfg = Release|Any CPU
		{705D6BCE-5DB8-8445-2FA7-E2BA03F56C78}.Release|Any CPU.Build.0 = Release|Any CPU
		{F84675ED-F97B-0BD6-9222-66565B04FB2A}.Debug|Any CPU.ActiveCfg = Debug|Any CPU
		{F84675ED-F97B-0BD6-9222-66565B04FB2A}.Debug|Any CPU.Build.0 = Debug|Any CPU
		{F84675ED-F97B-0BD6-9222-66565B04FB2A}.Release|Any CPU.ActiveCfg = Release|Any CPU
		{F84675ED-F97B-0BD6-9222-66565B04FB2A}.Release|Any CPU.Build.0 = Release|Any CPU
	EndGlobalSection
	GlobalSection(SolutionProperties) = preSolution
		HideSolutionNode = FALSE
	EndGlobalSection
EndGlobal
